
Microsoft Visual Studio Solution File, Format Version 12.00
# Visual Studio 2012
Project("{FAE04EC0-301F-11D3-BF4B-00C04F79EFBC}") = "AutomatedTestDemo.Core", "AutomatedTestDemo.Core\AutomatedTestDemo.Core.csproj", "{55E5E584-9799-4797-BF20-F892680A9E65}"
EndProject
Project("{FAE04EC0-301F-11D3-BF4B-00C04F79EFBC}") = "AutomatedTestDemo.Tests", "AutomatedTestDemo.Tests\AutomatedTestDemo.Tests.csproj", "{47E1892D-58D3-4056-A584-F0836FCD157B}"
EndProject
Global
	GlobalSection(SolutionConfigurationPlatforms) = preSolution
		Debug|Any CPU = Debug|Any CPU
		Release|Any CPU = Release|Any CPU
	EndGlobalSection
	GlobalSection(ProjectConfigurationPlatforms) = postSolution
		{55E5E584-9799-4797-BF20-F892680A9E65}.Debug|Any CPU.ActiveCfg = Debug|Any CPU
		{55E5E584-9799-4797-BF20-F892680A9E65}.Debug|Any CPU.Build.0 = Debug|Any CPU
		{55E5E584-9799-4797-BF20-F892680A9E65}.Release|Any CPU.ActiveCfg = Release|Any CPU
		{55E5E584-9799-4797-BF20-F892680A9E65}.Release|Any CPU.Build.0 = Release|Any CPU
		{47E1892D-58D3-4056-A584-F0836FCD157B}.Debug|Any CPU.ActiveCfg = Debug|Any CPU
		{47E1892D-58D3-4056-A584-F0836FCD157B}.Debug|Any CPU.Build.0 = Debug|Any CPU
		{47E1892D-58D3-4056-A584-F0836FCD157B}.Release|Any CPU.ActiveCfg = Release|Any CPU
		{47E1892D-58D3-4056-A584-F0836FCD157B}.Release|Any CPU.Build.0 = Release|Any CPU
	EndGlobalSection
	GlobalSection(SolutionProperties) = preSolution
		HideSolutionNode = FALSE
	EndGlobalSection
EndGlobal
